
Microsoft Visual Studio Solution File, Format Version 12.00
# Visual Studio 15
VisualStudioVersion = 15.0.28307.705
MinimumVisualStudioVersion = 10.0.40219.1
Project("{FAE04EC0-301F-11D3-BF4B-00C04F79EFBC}") = "taller3.1", "taller3.1\taller3.1.csproj", "{11801524-E21D-4BDB-A189-88B54C1521B1}"
EndProject
Global
	GlobalSection(SolutionConfigurationPlatforms) = preSolution
		Debug|Any CPU = Debug|Any CPU
		Release|Any CPU = Release|Any CPU
	EndGlobalSection
	GlobalSection(ProjectConfigurationPlatforms) = postSolution
		{11801524-E21D-4BDB-A189-88B54C1521B1}.Debug|Any CPU.ActiveCfg = Debug|Any CPU
		{11801524-E21D-4BDB-A189-88B54C1521B1}.Debug|Any CPU.Build.0 = Debug|Any CPU
		{11801524-E21D-4BDB-A189-88B54C1521B1}.Release|Any CPU.ActiveCfg = Release|Any CPU
		{11801524-E21D-4BDB-A189-88B54C1521B1}.Release|Any CPU.Build.0 = Release|Any CPU
	EndGlobalSection
	GlobalSection(SolutionProperties) = preSolution
		HideSolutionNode = FALSE
	EndGlobalSection
	GlobalSection(ExtensibilityGlobals) = postSolution
		SolutionGuid = {F900C761-DFF0-4094-865B-9B503D518EEB}
	EndGlobalSection
EndGlobal
